// !$*UTF8*$!
{
	archiveVersion = 1;
	classes = {
	};
	objectVersion = 46;
	objects = {
/* Begin PBXBuildFile section */
		1D3623260D0F684500981E51 /* AppDelegate.m in Sources */ = {isa = PBXBuildFile; fileRef = 1D3623250D0F684500981E51 /* AppDelegate.m */; };
		1D60589B0D05DD56006BFB54 /* main.m in Sources */ = {isa = PBXBuildFile; fileRef = 29B97316FDCFA39411CA2CEA /* main.m */; };
		288765FD0DF74451002DB57D /* CoreGraphics.framework in Frameworks */ = {isa = PBXBuildFile; fileRef = 288765FC0DF74451002DB57D /* CoreGraphics.framework */; };
		301BF552109A68D80062928A /* libCordova.a in Frameworks */ = {isa = PBXBuildFile; fileRef = 301BF535109A57CC0062928A /* libCordova.a */; };
		302D95F114D2391D003F00A1 /* MainViewController.m in Sources */ = {isa = PBXBuildFile; fileRef = 302D95EF14D2391D003F00A1 /* MainViewController.m */; };
		302D95F214D2391D003F00A1 /* MainViewController.xib in Resources */ = {isa = PBXBuildFile; fileRef = 302D95F014D2391D003F00A1 /* MainViewController.xib */; };
		305D5FD1115AB8F900A74A75 /* MobileCoreServices.framework in Frameworks */ = {isa = PBXBuildFile; fileRef = 305D5FD0115AB8F900A74A75 /* MobileCoreServices.framework */; };
		3088BBBD154F3926009F9C59 /* Default-Landscape@2x~ipad.png in Resources */ = {isa = PBXBuildFile; fileRef = 3088BBB7154F3926009F9C59 /* Default-Landscape@2x~ipad.png */; };
		3088BBBE154F3926009F9C59 /* Default-Landscape~ipad.png in Resources */ = {isa = PBXBuildFile; fileRef = 3088BBB8154F3926009F9C59 /* Default-Landscape~ipad.png */; };
		3088BBBF154F3926009F9C59 /* Default-Portrait@2x~ipad.png in Resources */ = {isa = PBXBuildFile; fileRef = 3088BBB9154F3926009F9C59 /* Default-Portrait@2x~ipad.png */; };
		3088BBC0154F3926009F9C59 /* Default-Portrait~ipad.png in Resources */ = {isa = PBXBuildFile; fileRef = 3088BBBA154F3926009F9C59 /* Default-Portrait~ipad.png */; };
		3088BBC1154F3926009F9C59 /* Default@2x~iphone.png in Resources */ = {isa = PBXBuildFile; fileRef = 3088BBBB154F3926009F9C59 /* Default@2x~iphone.png */; };
		3088BBC2154F3926009F9C59 /* Default~iphone.png in Resources */ = {isa = PBXBuildFile; fileRef = 3088BBBC154F3926009F9C59 /* Default~iphone.png */; };
		308D05371370CCF300D202BF /* icon-72.png in Resources */ = {isa = PBXBuildFile; fileRef = 308D052E1370CCF300D202BF /* icon-72.png */; };
		308D05381370CCF300D202BF /* icon.png in Resources */ = {isa = PBXBuildFile; fileRef = 308D052F1370CCF300D202BF /* icon.png */; };
		308D05391370CCF300D202BF /* icon@2x.png in Resources */ = {isa = PBXBuildFile; fileRef = 308D05301370CCF300D202BF /* icon@2x.png */; };
		30B4F30019D5E07200D9F7D8 /* Default-667h.png in Resources */ = {isa = PBXBuildFile; fileRef = 30B4F2FD19D5E07200D9F7D8 /* Default-667h.png */; };
		30B4F30119D5E07200D9F7D8 /* Default-736h.png in Resources */ = {isa = PBXBuildFile; fileRef = 30B4F2FE19D5E07200D9F7D8 /* Default-736h.png */; };
		30B4F30219D5E07200D9F7D8 /* Default-Landscape-736h.png in Resources */ = {isa = PBXBuildFile; fileRef = 30B4F2FF19D5E07200D9F7D8 /* Default-Landscape-736h.png */; };
		30C1856619D5FC0A00212699 /* icon-60@3x.png in Resources */ = {isa = PBXBuildFile; fileRef = 30C1856519D5FC0A00212699 /* icon-60@3x.png */; };
		30FC414916E50CA1004E6F35 /* icon-72@2x.png in Resources */ = {isa = PBXBuildFile; fileRef = 30FC414816E50CA1004E6F35 /* icon-72@2x.png */; };
		5B1594DD16A7569C00FEF299 /* AssetsLibrary.framework in Frameworks */ = {isa = PBXBuildFile; fileRef = 5B1594DC16A7569C00FEF299 /* AssetsLibrary.framework */; };
		7E7966DE1810823500FA85AD /* icon-40.png in Resources */ = {isa = PBXBuildFile; fileRef = 7E7966D41810823500FA85AD /* icon-40.png */; };
		7E7966DF1810823500FA85AD /* icon-40@2x.png in Resources */ = {isa = PBXBuildFile; fileRef = 7E7966D51810823500FA85AD /* icon-40@2x.png */; };
		7E7966E01810823500FA85AD /* icon-50.png in Resources */ = {isa = PBXBuildFile; fileRef = 7E7966D61810823500FA85AD /* icon-50.png */; };
		7E7966E11810823500FA85AD /* icon-50@2x.png in Resources */ = {isa = PBXBuildFile; fileRef = 7E7966D71810823500FA85AD /* icon-50@2x.png */; };
		7E7966E21810823500FA85AD /* icon-60.png in Resources */ = {isa = PBXBuildFile; fileRef = 7E7966D81810823500FA85AD /* icon-60.png */; };
		7E7966E31810823500FA85AD /* icon-60@2x.png in Resources */ = {isa = PBXBuildFile; fileRef = 7E7966D91810823500FA85AD /* icon-60@2x.png */; };
		7E7966E41810823500FA85AD /* icon-76.png in Resources */ = {isa = PBXBuildFile; fileRef = 7E7966DA1810823500FA85AD /* icon-76.png */; };
		7E7966E51810823500FA85AD /* icon-76@2x.png in Resources */ = {isa = PBXBuildFile; fileRef = 7E7966DB1810823500FA85AD /* icon-76@2x.png */; };
		7E7966E61810823500FA85AD /* icon-small.png in Resources */ = {isa = PBXBuildFile; fileRef = 7E7966DC1810823500FA85AD /* icon-small.png */; };
		7E7966E71810823500FA85AD /* icon-small@2x.png in Resources */ = {isa = PBXBuildFile; fileRef = 7E7966DD1810823500FA85AD /* icon-small@2x.png */; };
		D4A0D8761607E02300AEF8BB /* Default-568h@2x~iphone.png in Resources */ = {isa = PBXBuildFile; fileRef = D4A0D8751607E02300AEF8BB /* Default-568h@2x~iphone.png */; };
		CBF69D82E11D4998B07FB377 /* AppDelegate+notification.m in Sources */ = {isa = PBXBuildFile; fileRef = A01D0D3143FF419599D6067D /* AppDelegate+notification.m */; };
		7494423175B744B5901DAE05 /* PushPlugin.m in Sources */ = {isa = PBXBuildFile; fileRef = 9F1615694C634FDB80FD4FB7 /* PushPlugin.m */; };
		06272C4DC595425BA570B0BC /* FacebookConnectPlugin.m in Sources */ = {isa = PBXBuildFile; fileRef = 713AF56F125941ADA8FDC472 /* FacebookConnectPlugin.m */; };
		AB900981A4054D56838AC2E1 /* FacebookSDK.framework in Frameworks */ = {isa = PBXBuildFile; fileRef = 3D08D3F4D38548F49AE53006 /* FacebookSDK.framework */; };
		3EF8D0046E8040EBA0C05528 /* libsqlite3.dylib in Frameworks */ = {isa = PBXBuildFile; fileRef = 7ABE1FFDDA324CB397509F9A /* libsqlite3.dylib */; };
		872923588DEC4840B48AAC1D /* Social.framework in Frameworks */ = {isa = PBXBuildFile; fileRef = B8A70CD75BE242B3A9BFB004 /* Social.framework */; settings = {ATTRIBUTES = (Weak, ); }; };
		30E09D41751645FD8D68000D /* Accounts.framework in Frameworks */ = {isa = PBXBuildFile; fileRef = 640537AAA7D140BAA9C4C934 /* Accounts.framework */; settings = {ATTRIBUTES = (Weak, ); }; };
		F82F060FA9814B08A9DE2E34 /* Security.framework in Frameworks */ = {isa = PBXBuildFile; fileRef = EC08752D9EA64150A7D8F027 /* Security.framework */; settings = {ATTRIBUTES = (Weak, ); }; };
		4AB351491E074D25ABBD7CD1 /* SOSPicker.m in Sources */ = {isa = PBXBuildFile; fileRef = E3C7EBD986E743E494B9F15E /* SOSPicker.m */; };
		E7EF4C9CEABF43C1AFBE3944 /* ELCAlbumPickerController.m in Sources */ = {isa = PBXBuildFile; fileRef = EB75D3DFA9C54C55B6913E65 /* ELCAlbumPickerController.m */; };
		E488E903A76249028556D9C8 /* ELCAsset.m in Sources */ = {isa = PBXBuildFile; fileRef = CCA32F6243B241C19F1418EF /* ELCAsset.m */; };
		03E8009D0B6F4FDC9A682D7D /* ELCAssetCell.m in Sources */ = {isa = PBXBuildFile; fileRef = 38030787A8E9488C89E0D836 /* ELCAssetCell.m */; };
		5CF701AE9DA2483187F28C1B /* ELCAssetTablePicker.m in Sources */ = {isa = PBXBuildFile; fileRef = F2DC189E9D1C41EC8D0EEF73 /* ELCAssetTablePicker.m */; };
		90058413422F40299922020D /* ELCImagePickerController.m in Sources */ = {isa = PBXBuildFile; fileRef = D2A8D4D533B74C9B84DDFBB2 /* ELCImagePickerController.m */; };
		448475563CA14F168040572A /* ELCAlbumPickerController.xib in Resources */ = {isa = PBXBuildFile; fileRef = E033E48367C54855B478B146 /* ELCAlbumPickerController.xib */; };
		23F2EF07499A47C7867E14E0 /* ELCAssetPicker.xib in Resources */ = {isa = PBXBuildFile; fileRef = 34D21E950EBF4B0DBAC41961 /* ELCAssetPicker.xib */; };
		D31C61D78AAF4F01A7B55575 /* ELCAssetTablePicker.xib in Resources */ = {isa = PBXBuildFile; fileRef = 44C037BC4FE74A37AB30FB29 /* ELCAssetTablePicker.xib */; };
		8122F929331B43A19FEF17F8 /* Overlay.png in Resources */ = {isa = PBXBuildFile; fileRef = A61752C99D35496F85142C87 /* Overlay.png */; };
		8406B33F3D54423CA0CAB78B /* Overlay@2x.png in Resources */ = {isa = PBXBuildFile; fileRef = 6BBB8CCAD84E4548A104B686 /* Overlay@2x.png */; };
		CBC272563D75498591394FF2 /* CDVDevice.m in Sources */ = {isa = PBXBuildFile; fileRef = B6C26EDE679F408AB8790C66 /* CDVDevice.m */; };
		5C60C373654B4B9C9E88DF63 /* APPLocalNotification.m in Sources */ = {isa = PBXBuildFile; fileRef = D3F314EC838D423A8C32F72E /* APPLocalNotification.m */; };
		2C038B60BCE345D1A0D0EB17 /* CDVInAppBrowser.m in Sources */ = {isa = PBXBuildFile; fileRef = 8125E7DF466049BCA7A80D31 /* CDVInAppBrowser.m */; };
		AAD49B6C8FEE458BBF820C5F /* SocialSharing.m in Sources */ = {isa = PBXBuildFile; fileRef = D90172AB16A043A690CE136F /* SocialSharing.m */; };
		5D4892BF3FD142A2BCA5DB50 /* MessageUI.framework in Frameworks */ = {isa = PBXBuildFile; fileRef = 5D07A352068E45D49D95F30C /* MessageUI.framework */; settings = {ATTRIBUTES = (Weak, ); }; };
/* End PBXBuildFile section */

/* Begin PBXContainerItemProxy section */
		301BF534109A57CC0062928A /* PBXContainerItemProxy */ = {
			isa = PBXContainerItemProxy;
			containerPortal = 301BF52D109A57CC0062928A /* CordovaLib.xcodeproj */;
			proxyType = 2;
			remoteGlobalIDString = D2AAC07E0554694100DB518D;
			remoteInfo = CordovaLib;
		};
		301BF550109A68C00062928A /* PBXContainerItemProxy */ = {
			isa = PBXContainerItemProxy;
			containerPortal = 301BF52D109A57CC0062928A /* CordovaLib.xcodeproj */;
			proxyType = 1;
			remoteGlobalIDString = D2AAC07D0554694100DB518D;
			remoteInfo = CordovaLib;
		};
/* End PBXContainerItemProxy section */

/* Begin PBXFileReference section */
		1D3623240D0F684500981E51 /* AppDelegate.h */ = {isa = PBXFileReference; fileEncoding = 4; lastKnownFileType = sourcecode.c.h; path = AppDelegate.h; sourceTree = "<group>"; };
		1D3623250D0F684500981E51 /* AppDelegate.m */ = {isa = PBXFileReference; fileEncoding = 4; lastKnownFileType = sourcecode.c.objc; path = AppDelegate.m; sourceTree = "<group>"; };
		1D6058910D05DD3D006BFB54 /* runti.app */ = {isa = PBXFileReference; explicitFileType = wrapper.application; includeInIndex = 0; path = "runti.app"; sourceTree = BUILT_PRODUCTS_DIR; };
		1F766FDD13BBADB100FB74C0 /* en */ = {isa = PBXFileReference; lastKnownFileType = text.plist.strings; name = en; path = Localizable.strings; sourceTree = "<group>"; };
		1F766FE013BBADB100FB74C0 /* es */ = {isa = PBXFileReference; lastKnownFileType = text.plist.strings; name = es; path = Localizable.strings; sourceTree = "<group>"; };
		288765FC0DF74451002DB57D /* CoreGraphics.framework */ = {isa = PBXFileReference; lastKnownFileType = wrapper.framework; name = CoreGraphics.framework; path = System/Library/Frameworks/CoreGraphics.framework; sourceTree = SDKROOT; };
		29B97316FDCFA39411CA2CEA /* main.m */ = {isa = PBXFileReference; fileEncoding = 4; lastKnownFileType = sourcecode.c.objc; path = main.m; sourceTree = "<group>"; };
		301BF52D109A57CC0062928A /* CordovaLib.xcodeproj */ = {isa = PBXFileReference; lastKnownFileType = "wrapper.pb-project"; name = CordovaLib.xcodeproj; path = "CordovaLib/CordovaLib.xcodeproj"; sourceTree = "<group>"; };
		301BF56E109A69640062928A /* www */ = {isa = PBXFileReference; lastKnownFileType = folder; path = www; sourceTree = SOURCE_ROOT; };
		302D95EE14D2391D003F00A1 /* MainViewController.h */ = {isa = PBXFileReference; fileEncoding = 4; lastKnownFileType = sourcecode.c.h; path = MainViewController.h; sourceTree = "<group>"; };
		302D95EF14D2391D003F00A1 /* MainViewController.m */ = {isa = PBXFileReference; fileEncoding = 4; lastKnownFileType = sourcecode.c.objc; path = MainViewController.m; sourceTree = "<group>"; };
		302D95F014D2391D003F00A1 /* MainViewController.xib */ = {isa = PBXFileReference; fileEncoding = 4; lastKnownFileType = file.xib; path = MainViewController.xib; sourceTree = "<group>"; };
		305D5FD0115AB8F900A74A75 /* MobileCoreServices.framework */ = {isa = PBXFileReference; lastKnownFileType = wrapper.framework; name = MobileCoreServices.framework; path = System/Library/Frameworks/MobileCoreServices.framework; sourceTree = SDKROOT; };
		3088BBB7154F3926009F9C59 /* Default-Landscape@2x~ipad.png */ = {isa = PBXFileReference; lastKnownFileType = image.png; path = "Default-Landscape@2x~ipad.png"; sourceTree = "<group>"; };
		3088BBB8154F3926009F9C59 /* Default-Landscape~ipad.png */ = {isa = PBXFileReference; lastKnownFileType = image.png; path = "Default-Landscape~ipad.png"; sourceTree = "<group>"; };
		3088BBB9154F3926009F9C59 /* Default-Portrait@2x~ipad.png */ = {isa = PBXFileReference; lastKnownFileType = image.png; path = "Default-Portrait@2x~ipad.png"; sourceTree = "<group>"; };
		3088BBBA154F3926009F9C59 /* Default-Portrait~ipad.png */ = {isa = PBXFileReference; lastKnownFileType = image.png; path = "Default-Portrait~ipad.png"; sourceTree = "<group>"; };
		3088BBBB154F3926009F9C59 /* Default@2x~iphone.png */ = {isa = PBXFileReference; lastKnownFileType = image.png; path = "Default@2x~iphone.png"; sourceTree = "<group>"; };
		3088BBBC154F3926009F9C59 /* Default~iphone.png */ = {isa = PBXFileReference; lastKnownFileType = image.png; path = "Default~iphone.png"; sourceTree = "<group>"; };
		308D052E1370CCF300D202BF /* icon-72.png */ = {isa = PBXFileReference; lastKnownFileType = image.png; path = "icon-72.png"; sourceTree = "<group>"; };
		308D052F1370CCF300D202BF /* icon.png */ = {isa = PBXFileReference; lastKnownFileType = image.png; path = icon.png; sourceTree = "<group>"; };
		308D05301370CCF300D202BF /* icon@2x.png */ = {isa = PBXFileReference; lastKnownFileType = image.png; path = "icon@2x.png"; sourceTree = "<group>"; };
		30B4F2FD19D5E07200D9F7D8 /* Default-667h.png */ = {isa = PBXFileReference; lastKnownFileType = image.png; path = "Default-667h.png"; sourceTree = "<group>"; };
		30B4F2FE19D5E07200D9F7D8 /* Default-736h.png */ = {isa = PBXFileReference; lastKnownFileType = image.png; path = "Default-736h.png"; sourceTree = "<group>"; };
		30B4F2FF19D5E07200D9F7D8 /* Default-Landscape-736h.png */ = {isa = PBXFileReference; lastKnownFileType = image.png; path = "Default-Landscape-736h.png"; sourceTree = "<group>"; };
		30C1856519D5FC0A00212699 /* icon-60@3x.png */ = {isa = PBXFileReference; lastKnownFileType = image.png; path = "icon-60@3x.png"; sourceTree = "<group>"; };
		30FC414816E50CA1004E6F35 /* icon-72@2x.png */ = {isa = PBXFileReference; lastKnownFileType = image.png; path = "icon-72@2x.png"; sourceTree = "<group>"; };
		32CA4F630368D1EE00C91783 /* runti-Prefix.pch */ = {isa = PBXFileReference; fileEncoding = 4; lastKnownFileType = sourcecode.c.h; path = "runti-Prefix.pch"; sourceTree = "<group>"; };
		5B1594DC16A7569C00FEF299 /* AssetsLibrary.framework */ = {isa = PBXFileReference; lastKnownFileType = wrapper.framework; name = AssetsLibrary.framework; path = System/Library/Frameworks/AssetsLibrary.framework; sourceTree = SDKROOT; };
		7E7966D41810823500FA85AD /* icon-40.png */ = {isa = PBXFileReference; lastKnownFileType = image.png; path = "icon-40.png"; sourceTree = "<group>"; };
		7E7966D51810823500FA85AD /* icon-40@2x.png */ = {isa = PBXFileReference; lastKnownFileType = image.png; path = "icon-40@2x.png"; sourceTree = "<group>"; };
		7E7966D61810823500FA85AD /* icon-50.png */ = {isa = PBXFileReference; lastKnownFileType = image.png; path = "icon-50.png"; sourceTree = "<group>"; };
		7E7966D71810823500FA85AD /* icon-50@2x.png */ = {isa = PBXFileReference; lastKnownFileType = image.png; path = "icon-50@2x.png"; sourceTree = "<group>"; };
		7E7966D81810823500FA85AD /* icon-60.png */ = {isa = PBXFileReference; lastKnownFileType = image.png; path = "icon-60.png"; sourceTree = "<group>"; };
		7E7966D91810823500FA85AD /* icon-60@2x.png */ = {isa = PBXFileReference; lastKnownFileType = image.png; path = "icon-60@2x.png"; sourceTree = "<group>"; };
		7E7966DA1810823500FA85AD /* icon-76.png */ = {isa = PBXFileReference; lastKnownFileType = image.png; path = "icon-76.png"; sourceTree = "<group>"; };
		7E7966DB1810823500FA85AD /* icon-76@2x.png */ = {isa = PBXFileReference; lastKnownFileType = image.png; path = "icon-76@2x.png"; sourceTree = "<group>"; };
		7E7966DC1810823500FA85AD /* icon-small.png */ = {isa = PBXFileReference; lastKnownFileType = image.png; path = "icon-small.png"; sourceTree = "<group>"; };
		7E7966DD1810823500FA85AD /* icon-small@2x.png */ = {isa = PBXFileReference; lastKnownFileType = image.png; path = "icon-small@2x.png"; sourceTree = "<group>"; };
		8D1107310486CEB800E47090 /* runti-Info.plist */ = {isa = PBXFileReference; fileEncoding = 4; lastKnownFileType = text.plist.xml; name = "runti-Info.plist"; path = "../runti-Info.plist"; plistStructureDefinitionIdentifier = "com.apple.xcode.plist.structure-definition.iphone.info-plist"; sourceTree = "<group>"; };
		D4A0D8751607E02300AEF8BB /* Default-568h@2x~iphone.png */ = {isa = PBXFileReference; lastKnownFileType = image.png; path = "Default-568h@2x~iphone.png"; sourceTree = "<group>"; };
		EB87FDF21871DA7A0020F90C /* merges */ = {isa = PBXFileReference; lastKnownFileType = folder; name = merges; path = ../../merges; sourceTree = "<group>"; };
		EB87FDF31871DA8E0020F90C /* www */ = {isa = PBXFileReference; lastKnownFileType = folder; name = www; path = ../../www; sourceTree = "<group>"; };
		EB87FDF41871DAF40020F90C /* config.xml */ = {isa = PBXFileReference; lastKnownFileType = text.xml; name = config.xml; path = ../../config.xml; sourceTree = "<group>"; };
		F840E1F0165FE0F500CFE078 /* config.xml */ = {isa = PBXFileReference; lastKnownFileType = text.xml; name = config.xml; path = "runti/config.xml"; sourceTree = "<group>"; };
		A01D0D3143FF419599D6067D /* AppDelegate+notification.m */ = {isa = PBXFileReference; lastKnownFileType = sourcecode.c.objc; name = "AppDelegate+notification.m"; path = "com.phonegap.plugins.PushPlugin/AppDelegate+notification.m"; sourceTree = "<group>"; fileEncoding = 4; };
		9F1615694C634FDB80FD4FB7 /* PushPlugin.m */ = {isa = PBXFileReference; lastKnownFileType = sourcecode.c.objc; name = "PushPlugin.m"; path = "com.phonegap.plugins.PushPlugin/PushPlugin.m"; sourceTree = "<group>"; fileEncoding = 4; };
		DD43BB0C4AA04081BF39DAB5 /* AppDelegate+notification.h */ = {isa = PBXFileReference; lastKnownFileType = sourcecode.c.h; name = "AppDelegate+notification.h"; path = "com.phonegap.plugins.PushPlugin/AppDelegate+notification.h"; sourceTree = "<group>"; fileEncoding = 4; };
		80FD99AD93E745489EA49D6A /* PushPlugin.h */ = {isa = PBXFileReference; lastKnownFileType = sourcecode.c.h; name = "PushPlugin.h"; path = "com.phonegap.plugins.PushPlugin/PushPlugin.h"; sourceTree = "<group>"; fileEncoding = 4; };
		713AF56F125941ADA8FDC472 /* FacebookConnectPlugin.m */ = {isa = PBXFileReference; lastKnownFileType = sourcecode.c.objc; name = "FacebookConnectPlugin.m"; path = "com.phonegap.plugins.facebookconnect/FacebookConnectPlugin.m"; sourceTree = "<group>"; fileEncoding = 4; };
		94D061DDF30743C481D9AB07 /* FacebookConnectPlugin.h */ = {isa = PBXFileReference; lastKnownFileType = sourcecode.c.h; name = "FacebookConnectPlugin.h"; path = "com.phonegap.plugins.facebookconnect/FacebookConnectPlugin.h"; sourceTree = "<group>"; fileEncoding = 4; };
		3D08D3F4D38548F49AE53006 /* FacebookSDK.framework */ = {isa = PBXFileReference; lastKnownFileType = wrapper.framework; name = "FacebookSDK.framework"; path = "runti/Plugins/com.phonegap.plugins.facebookconnect/FacebookSDK.framework"; sourceTree = "<group>"; };
		7ABE1FFDDA324CB397509F9A /* libsqlite3.dylib */ = {isa = PBXFileReference; lastKnownFileType = "compiled.mach-o.dylib"; name = "libsqlite3.dylib"; path = "usr/lib/libsqlite3.dylib"; sourceTree = SDKROOT; fileEncoding = 4; };
		B8A70CD75BE242B3A9BFB004 /* Social.framework */ = {isa = PBXFileReference; lastKnownFileType = wrapper.framework; name = "Social.framework"; path = "System/Library/Frameworks/Social.framework"; sourceTree = SDKROOT; fileEncoding = 4; };
		640537AAA7D140BAA9C4C934 /* Accounts.framework */ = {isa = PBXFileReference; lastKnownFileType = wrapper.framework; name = "Accounts.framework"; path = "System/Library/Frameworks/Accounts.framework"; sourceTree = SDKROOT; fileEncoding = 4; };
		EC08752D9EA64150A7D8F027 /* Security.framework */ = {isa = PBXFileReference; lastKnownFileType = wrapper.framework; name = "Security.framework"; path = "System/Library/Frameworks/Security.framework"; sourceTree = SDKROOT; fileEncoding = 4; };
		E3C7EBD986E743E494B9F15E /* SOSPicker.m */ = {isa = PBXFileReference; lastKnownFileType = sourcecode.c.objc; name = "SOSPicker.m"; path = "com.synconset.imagepicker/SOSPicker.m"; sourceTree = "<group>"; fileEncoding = 4; };
		EB75D3DFA9C54C55B6913E65 /* ELCAlbumPickerController.m */ = {isa = PBXFileReference; lastKnownFileType = sourcecode.c.objc; name = "ELCAlbumPickerController.m"; path = "com.synconset.imagepicker/ELCAlbumPickerController.m"; sourceTree = "<group>"; fileEncoding = 4; };
		CCA32F6243B241C19F1418EF /* ELCAsset.m */ = {isa = PBXFileReference; lastKnownFileType = sourcecode.c.objc; name = "ELCAsset.m"; path = "com.synconset.imagepicker/ELCAsset.m"; sourceTree = "<group>"; fileEncoding = 4; };
		38030787A8E9488C89E0D836 /* ELCAssetCell.m */ = {isa = PBXFileReference; lastKnownFileType = sourcecode.c.objc; name = "ELCAssetCell.m"; path = "com.synconset.imagepicker/ELCAssetCell.m"; sourceTree = "<group>"; fileEncoding = 4; };
		F2DC189E9D1C41EC8D0EEF73 /* ELCAssetTablePicker.m */ = {isa = PBXFileReference; lastKnownFileType = sourcecode.c.objc; name = "ELCAssetTablePicker.m"; path = "com.synconset.imagepicker/ELCAssetTablePicker.m"; sourceTree = "<group>"; fileEncoding = 4; };
		D2A8D4D533B74C9B84DDFBB2 /* ELCImagePickerController.m */ = {isa = PBXFileReference; lastKnownFileType = sourcecode.c.objc; name = "ELCImagePickerController.m"; path = "com.synconset.imagepicker/ELCImagePickerController.m"; sourceTree = "<group>"; fileEncoding = 4; };
		BDD8C2AC063D4108866911AB /* SOSPicker.h */ = {isa = PBXFileReference; lastKnownFileType = sourcecode.c.h; name = "SOSPicker.h"; path = "com.synconset.imagepicker/SOSPicker.h"; sourceTree = "<group>"; fileEncoding = 4; };
		E5ECC38AB091479BA9F56E4E /* ELCAlbumPickerController.h */ = {isa = PBXFileReference; lastKnownFileType = sourcecode.c.h; name = "ELCAlbumPickerController.h"; path = "com.synconset.imagepicker/ELCAlbumPickerController.h"; sourceTree = "<group>"; fileEncoding = 4; };
		BAF3FF4CFAEC45048827A0B1 /* ELCAsset.h */ = {isa = PBXFileReference; lastKnownFileType = sourcecode.c.h; name = "ELCAsset.h"; path = "com.synconset.imagepicker/ELCAsset.h"; sourceTree = "<group>"; fileEncoding = 4; };
		3B6E449F26754E38986691A9 /* ELCAssetCell.h */ = {isa = PBXFileReference; lastKnownFileType = sourcecode.c.h; name = "ELCAssetCell.h"; path = "com.synconset.imagepicker/ELCAssetCell.h"; sourceTree = "<group>"; fileEncoding = 4; };
		FF0BC1B8C1864EF396F76F45 /* ELCAssetPickerFilterDelegate.h */ = {isa = PBXFileReference; lastKnownFileType = sourcecode.c.h; name = "ELCAssetPickerFilterDelegate.h"; path = "com.synconset.imagepicker/ELCAssetPickerFilterDelegate.h"; sourceTree = "<group>"; fileEncoding = 4; };
		5E8370FCF6A947CDBFE7C7DB /* ELCAssetSelectionDelegate.h */ = {isa = PBXFileReference; lastKnownFileType = sourcecode.c.h; name = "ELCAssetSelectionDelegate.h"; path = "com.synconset.imagepicker/ELCAssetSelectionDelegate.h"; sourceTree = "<group>"; fileEncoding = 4; };
		168CFFA77E9744BD9A704C5B /* ELCAssetTablePicker.h */ = {isa = PBXFileReference; lastKnownFileType = sourcecode.c.h; name = "ELCAssetTablePicker.h"; path = "com.synconset.imagepicker/ELCAssetTablePicker.h"; sourceTree = "<group>"; fileEncoding = 4; };
		C32EDA0E04E74C7F8775BD1B /* ELCImagePickerController.h */ = {isa = PBXFileReference; lastKnownFileType = sourcecode.c.h; name = "ELCImagePickerController.h"; path = "com.synconset.imagepicker/ELCImagePickerController.h"; sourceTree = "<group>"; fileEncoding = 4; };
		E033E48367C54855B478B146 /* ELCAlbumPickerController.xib */ = {isa = PBXFileReference; lastKnownFileType = file.xib; name = "ELCAlbumPickerController.xib"; path = "ELCAlbumPickerController.xib"; sourceTree = "<group>"; fileEncoding = 4; };
		34D21E950EBF4B0DBAC41961 /* ELCAssetPicker.xib */ = {isa = PBXFileReference; lastKnownFileType = file.xib; name = "ELCAssetPicker.xib"; path = "ELCAssetPicker.xib"; sourceTree = "<group>"; fileEncoding = 4; };
		44C037BC4FE74A37AB30FB29 /* ELCAssetTablePicker.xib */ = {isa = PBXFileReference; lastKnownFileType = file.xib; name = "ELCAssetTablePicker.xib"; path = "ELCAssetTablePicker.xib"; sourceTree = "<group>"; fileEncoding = 4; };
		A61752C99D35496F85142C87 /* Overlay.png */ = {isa = PBXFileReference; lastKnownFileType = unknown; name = "Overlay.png"; path = "Overlay.png"; sourceTree = "<group>"; fileEncoding = 4; };
		6BBB8CCAD84E4548A104B686 /* Overlay@2x.png */ = {isa = PBXFileReference; lastKnownFileType = unknown; name = "Overlay@2x.png"; path = "Overlay@2x.png"; sourceTree = "<group>"; fileEncoding = 4; };
		B6C26EDE679F408AB8790C66 /* CDVDevice.m */ = {isa = PBXFileReference; lastKnownFileType = sourcecode.c.objc; name = "CDVDevice.m"; path = "org.apache.cordova.device/CDVDevice.m"; sourceTree = "<group>"; fileEncoding = 4; };
		DE9FDE4563004580B12F96BC /* CDVDevice.h */ = {isa = PBXFileReference; lastKnownFileType = sourcecode.c.h; name = "CDVDevice.h"; path = "org.apache.cordova.device/CDVDevice.h"; sourceTree = "<group>"; fileEncoding = 4; };
		D3F314EC838D423A8C32F72E /* APPLocalNotification.m */ = {isa = PBXFileReference; lastKnownFileType = sourcecode.c.objc; name = "APPLocalNotification.m"; path = "de.appplant.cordova.plugin.local-notification/APPLocalNotification.m"; sourceTree = "<group>"; fileEncoding = 4; };
		3B1059051A654A069FCA13D8 /* APPLocalNotification.h */ = {isa = PBXFileReference; lastKnownFileType = sourcecode.c.h; name = "APPLocalNotification.h"; path = "de.appplant.cordova.plugin.local-notification/APPLocalNotification.h"; sourceTree = "<group>"; fileEncoding = 4; };
		8125E7DF466049BCA7A80D31 /* CDVInAppBrowser.m */ = {isa = PBXFileReference; lastKnownFileType = sourcecode.c.objc; name = "CDVInAppBrowser.m"; path = "org.apache.cordova.inappbrowser/CDVInAppBrowser.m"; sourceTree = "<group>"; fileEncoding = 4; };
		BC6B60DEAEFF46109F2EA23B /* CDVInAppBrowser.h */ = {isa = PBXFileReference; lastKnownFileType = sourcecode.c.h; name = "CDVInAppBrowser.h"; path = "org.apache.cordova.inappbrowser/CDVInAppBrowser.h"; sourceTree = "<group>"; fileEncoding = 4; };
		D90172AB16A043A690CE136F /* SocialSharing.m */ = {isa = PBXFileReference; lastKnownFileType = sourcecode.c.objc; name = "SocialSharing.m"; path = "nl.x-services.plugins.socialsharing/SocialSharing.m"; sourceTree = "<group>"; fileEncoding = 4; };
		8AFCEFA25E6C4863829D6DF3 /* SocialSharing.h */ = {isa = PBXFileReference; lastKnownFileType = sourcecode.c.h; name = "SocialSharing.h"; path = "nl.x-services.plugins.socialsharing/SocialSharing.h"; sourceTree = "<group>"; fileEncoding = 4; };
		5D07A352068E45D49D95F30C /* MessageUI.framework */ = {isa = PBXFileReference; lastKnownFileType = wrapper.framework; name = "MessageUI.framework"; path = "System/Library/Frameworks/MessageUI.framework"; sourceTree = SDKROOT; fileEncoding = 4; };
/* End PBXFileReference section */

/* Begin PBXFrameworksBuildPhase section */
		1D60588F0D05DD3D006BFB54 /* Frameworks */ = {
			isa = PBXFrameworksBuildPhase;
			buildActionMask = 2147483647;
			files = (
				5B1594DD16A7569C00FEF299 /* AssetsLibrary.framework in Frameworks */,
				301BF552109A68D80062928A /* libCordova.a in Frameworks */,
				288765FD0DF74451002DB57D /* CoreGraphics.framework in Frameworks */,
				305D5FD1115AB8F900A74A75 /* MobileCoreServices.framework in Frameworks */,
				AB900981A4054D56838AC2E1 /* FacebookSDK.framework in Frameworks */,
				3EF8D0046E8040EBA0C05528 /* libsqlite3.dylib in Frameworks */,
				872923588DEC4840B48AAC1D /* Social.framework in Frameworks */,
				30E09D41751645FD8D68000D /* Accounts.framework in Frameworks */,
				F82F060FA9814B08A9DE2E34 /* Security.framework in Frameworks */,
				5D4892BF3FD142A2BCA5DB50 /* MessageUI.framework in Frameworks */,
			);
			runOnlyForDeploymentPostprocessing = 0;
		};
/* End PBXFrameworksBuildPhase section */

/* Begin PBXGroup section */
		080E96DDFE201D6D7F000001 /* Classes */ = {
			isa = PBXGroup;
			children = (
				302D95EE14D2391D003F00A1 /* MainViewController.h */,
				302D95EF14D2391D003F00A1 /* MainViewController.m */,
				302D95F014D2391D003F00A1 /* MainViewController.xib */,
				1D3623240D0F684500981E51 /* AppDelegate.h */,
				1D3623250D0F684500981E51 /* AppDelegate.m */,
			);
			name = Classes;
			path = "runti/Classes";
			sourceTree = SOURCE_ROOT;
		};
		19C28FACFE9D520D11CA2CBB /* Products */ = {
			isa = PBXGroup;
			children = (
				1D6058910D05DD3D006BFB54 /* runti.app */,
			);
			name = Products;
			sourceTree = "<group>";
		};
		29B97314FDCFA39411CA2CEA /* CustomTemplate */ = {
			isa = PBXGroup;
			children = (
				EB87FDF41871DAF40020F90C /* config.xml */,
				EB87FDF31871DA8E0020F90C /* www */,
				EB87FDF21871DA7A0020F90C /* merges */,
				EB87FDF11871DA420020F90C /* Staging */,
				301BF52D109A57CC0062928A /* CordovaLib.xcodeproj */,
				080E96DDFE201D6D7F000001 /* Classes */,
				307C750510C5A3420062BCA9 /* Plugins */,
				29B97315FDCFA39411CA2CEA /* Other Sources */,
				29B97317FDCFA39411CA2CEA /* Resources */,
				29B97323FDCFA39411CA2CEA /* Frameworks */,
				19C28FACFE9D520D11CA2CBB /* Products */,
			);
			name = CustomTemplate;
			sourceTree = "<group>";
		};
		29B97315FDCFA39411CA2CEA /* Other Sources */ = {
			isa = PBXGroup;
			children = (
				32CA4F630368D1EE00C91783 /* runti-Prefix.pch */,
				29B97316FDCFA39411CA2CEA /* main.m */,
			);
			name = "Other Sources";
			path = "runti";
			sourceTree = "<group>";
		};
		29B97317FDCFA39411CA2CEA /* Resources */ = {
			isa = PBXGroup;
			children = (
				308D052D1370CCF300D202BF /* icons */,
				308D05311370CCF300D202BF /* splash */,
				8D1107310486CEB800E47090 /* runti-Info.plist */,
				E033E48367C54855B478B146 /* ELCAlbumPickerController.xib */,
				34D21E950EBF4B0DBAC41961 /* ELCAssetPicker.xib */,
				44C037BC4FE74A37AB30FB29 /* ELCAssetTablePicker.xib */,
				A61752C99D35496F85142C87 /* Overlay.png */,
				6BBB8CCAD84E4548A104B686 /* Overlay@2x.png */,
			);
			name = Resources;
			path = "runti/Resources";
			sourceTree = "<group>";
		};
		29B97323FDCFA39411CA2CEA /* Frameworks */ = {
			isa = PBXGroup;
			children = (
				5B1594DC16A7569C00FEF299 /* AssetsLibrary.framework */,
				288765FC0DF74451002DB57D /* CoreGraphics.framework */,
				305D5FD0115AB8F900A74A75 /* MobileCoreServices.framework */,
				3D08D3F4D38548F49AE53006 /* FacebookSDK.framework */,
				7ABE1FFDDA324CB397509F9A /* libsqlite3.dylib */,
				B8A70CD75BE242B3A9BFB004 /* Social.framework */,
				640537AAA7D140BAA9C4C934 /* Accounts.framework */,
				EC08752D9EA64150A7D8F027 /* Security.framework */,
				5D07A352068E45D49D95F30C /* MessageUI.framework */,
			);
			name = Frameworks;
			sourceTree = "<group>";
		};
		301BF52E109A57CC0062928A /* Products */ = {
			isa = PBXGroup;
			children = (
				301BF535109A57CC0062928A /* libCordova.a */,
			);
			name = Products;
			sourceTree = "<group>";
		};
		307C750510C5A3420062BCA9 /* Plugins */ = {
			isa = PBXGroup;
			children = (
				A01D0D3143FF419599D6067D /* AppDelegate+notification.m */,
				9F1615694C634FDB80FD4FB7 /* PushPlugin.m */,
				DD43BB0C4AA04081BF39DAB5 /* AppDelegate+notification.h */,
				80FD99AD93E745489EA49D6A /* PushPlugin.h */,
				713AF56F125941ADA8FDC472 /* FacebookConnectPlugin.m */,
				94D061DDF30743C481D9AB07 /* FacebookConnectPlugin.h */,
				E3C7EBD986E743E494B9F15E /* SOSPicker.m */,
				EB75D3DFA9C54C55B6913E65 /* ELCAlbumPickerController.m */,
				CCA32F6243B241C19F1418EF /* ELCAsset.m */,
				38030787A8E9488C89E0D836 /* ELCAssetCell.m */,
				F2DC189E9D1C41EC8D0EEF73 /* ELCAssetTablePicker.m */,
				D2A8D4D533B74C9B84DDFBB2 /* ELCImagePickerController.m */,
				BDD8C2AC063D4108866911AB /* SOSPicker.h */,
				E5ECC38AB091479BA9F56E4E /* ELCAlbumPickerController.h */,
				BAF3FF4CFAEC45048827A0B1 /* ELCAsset.h */,
				3B6E449F26754E38986691A9 /* ELCAssetCell.h */,
				FF0BC1B8C1864EF396F76F45 /* ELCAssetPickerFilterDelegate.h */,
				5E8370FCF6A947CDBFE7C7DB /* ELCAssetSelectionDelegate.h */,
				168CFFA77E9744BD9A704C5B /* ELCAssetTablePicker.h */,
				C32EDA0E04E74C7F8775BD1B /* ELCImagePickerController.h */,
				B6C26EDE679F408AB8790C66 /* CDVDevice.m */,
				DE9FDE4563004580B12F96BC /* CDVDevice.h */,
				D3F314EC838D423A8C32F72E /* APPLocalNotification.m */,
				3B1059051A654A069FCA13D8 /* APPLocalNotification.h */,
				8125E7DF466049BCA7A80D31 /* CDVInAppBrowser.m */,
				BC6B60DEAEFF46109F2EA23B /* CDVInAppBrowser.h */,
				D90172AB16A043A690CE136F /* SocialSharing.m */,
				8AFCEFA25E6C4863829D6DF3 /* SocialSharing.h */,
			);
			name = Plugins;
			path = "runti/Plugins";
			sourceTree = SOURCE_ROOT;
		};
		308D052D1370CCF300D202BF /* icons */ = {
			isa = PBXGroup;
			children = (
				30C1856519D5FC0A00212699 /* icon-60@3x.png */,
				7E7966D41810823500FA85AD /* icon-40.png */,
				7E7966D51810823500FA85AD /* icon-40@2x.png */,
				7E7966D61810823500FA85AD /* icon-50.png */,
				7E7966D71810823500FA85AD /* icon-50@2x.png */,
				7E7966D81810823500FA85AD /* icon-60.png */,
				7E7966D91810823500FA85AD /* icon-60@2x.png */,
				7E7966DA1810823500FA85AD /* icon-76.png */,
				7E7966DB1810823500FA85AD /* icon-76@2x.png */,
				7E7966DC1810823500FA85AD /* icon-small.png */,
				7E7966DD1810823500FA85AD /* icon-small@2x.png */,
				30FC414816E50CA1004E6F35 /* icon-72@2x.png */,
				308D052E1370CCF300D202BF /* icon-72.png */,
				308D052F1370CCF300D202BF /* icon.png */,
				308D05301370CCF300D202BF /* icon@2x.png */,
			);
			path = icons;
			sourceTree = "<group>";
		};
		308D05311370CCF300D202BF /* splash */ = {
			isa = PBXGroup;
			children = (
				30B4F2FD19D5E07200D9F7D8 /* Default-667h.png */,
				30B4F2FE19D5E07200D9F7D8 /* Default-736h.png */,
				30B4F2FF19D5E07200D9F7D8 /* Default-Landscape-736h.png */,
				D4A0D8751607E02300AEF8BB /* Default-568h@2x~iphone.png */,
				3088BBB7154F3926009F9C59 /* Default-Landscape@2x~ipad.png */,
				3088BBB8154F3926009F9C59 /* Default-Landscape~ipad.png */,
				3088BBB9154F3926009F9C59 /* Default-Portrait@2x~ipad.png */,
				3088BBBA154F3926009F9C59 /* Default-Portrait~ipad.png */,
				3088BBBB154F3926009F9C59 /* Default@2x~iphone.png */,
				3088BBBC154F3926009F9C59 /* Default~iphone.png */,
			);
			path = splash;
			sourceTree = "<group>";
		};
		EB87FDF11871DA420020F90C /* Staging */ = {
			isa = PBXGroup;
			children = (
				F840E1F0165FE0F500CFE078 /* config.xml */,
				301BF56E109A69640062928A /* www */,
			);
			name = Staging;
			sourceTree = "<group>";
		};
/* End PBXGroup section */

/* Begin PBXNativeTarget section */
		1D6058900D05DD3D006BFB54 /* runti */ = {
			isa = PBXNativeTarget;
			buildConfigurationList = 1D6058960D05DD3E006BFB54 /* Build configuration list for PBXNativeTarget "runti" */;
			buildPhases = (
				304B58A110DAC018002A0835 /* Copy www directory */,
				1D60588D0D05DD3D006BFB54 /* Resources */,
				1D60588E0D05DD3D006BFB54 /* Sources */,
				1D60588F0D05DD3D006BFB54 /* Frameworks */,
			);
			buildRules = (
			);
			dependencies = (
				301BF551109A68C00062928A /* PBXTargetDependency */,
			);
			name = "runti";
			productName = "runti";
			productReference = 1D6058910D05DD3D006BFB54 /* runti.app */;
			productType = "com.apple.product-type.application";
		};
/* End PBXNativeTarget section */

/* Begin PBXProject section */
		29B97313FDCFA39411CA2CEA /* Project object */ = {
			isa = PBXProject;
			attributes = {
				LastUpgradeCheck = 510;
			};
			buildConfigurationList = C01FCF4E08A954540054247B /* Build configuration list for PBXProject "__CLI__" */;
			compatibilityVersion = "Xcode 3.2";
			developmentRegion = English;
			hasScannedForEncodings = 1;
			knownRegions = (
				English,
				Japanese,
				French,
				German,
				en,
				es,
				de,
				se,
			);
			mainGroup = 29B97314FDCFA39411CA2CEA /* CustomTemplate */;
			projectDirPath = "";
			projectReferences = (
				{
					ProductGroup = 301BF52E109A57CC0062928A /* Products */;
					ProjectRef = 301BF52D109A57CC0062928A /* CordovaLib.xcodeproj */;
				},
			);
			projectRoot = "";
			targets = (
				1D6058900D05DD3D006BFB54 /* runti */,
			);
		};
/* End PBXProject section */

/* Begin PBXReferenceProxy section */
		301BF535109A57CC0062928A /* libCordova.a */ = {
			isa = PBXReferenceProxy;
			fileType = archive.ar;
			path = libCordova.a;
			remoteRef = 301BF534109A57CC0062928A /* PBXContainerItemProxy */;
			sourceTree = BUILT_PRODUCTS_DIR;
		};
/* End PBXReferenceProxy section */

/* Begin PBXResourcesBuildPhase section */
		1D60588D0D05DD3D006BFB54 /* Resources */ = {
			isa = PBXResourcesBuildPhase;
			buildActionMask = 2147483647;
			files = (
				7E7966E41810823500FA85AD /* icon-76.png in Resources */,
				7E7966DF1810823500FA85AD /* icon-40@2x.png in Resources */,
				308D05371370CCF300D202BF /* icon-72.png in Resources */,
				30B4F30119D5E07200D9F7D8 /* Default-736h.png in Resources */,
				308D05381370CCF300D202BF /* icon.png in Resources */,
				308D05391370CCF300D202BF /* icon@2x.png in Resources */,
				302D95F214D2391D003F00A1 /* MainViewController.xib in Resources */,
				7E7966E01810823500FA85AD /* icon-50.png in Resources */,
				7E7966E31810823500FA85AD /* icon-60@2x.png in Resources */,
				7E7966E61810823500FA85AD /* icon-small.png in Resources */,
				3088BBBD154F3926009F9C59 /* Default-Landscape@2x~ipad.png in Resources */,
				3088BBBE154F3926009F9C59 /* Default-Landscape~ipad.png in Resources */,
				3088BBBF154F3926009F9C59 /* Default-Portrait@2x~ipad.png in Resources */,
				7E7966E71810823500FA85AD /* icon-small@2x.png in Resources */,
				3088BBC0154F3926009F9C59 /* Default-Portrait~ipad.png in Resources */,
				30B4F30019D5E07200D9F7D8 /* Default-667h.png in Resources */,
				7E7966DE1810823500FA85AD /* icon-40.png in Resources */,
				3088BBC1154F3926009F9C59 /* Default@2x~iphone.png in Resources */,
				7E7966E21810823500FA85AD /* icon-60.png in Resources */,
				3088BBC2154F3926009F9C59 /* Default~iphone.png in Resources */,
				D4A0D8761607E02300AEF8BB /* Default-568h@2x~iphone.png in Resources */,
				30B4F30219D5E07200D9F7D8 /* Default-Landscape-736h.png in Resources */,
				30C1856619D5FC0A00212699 /* icon-60@3x.png in Resources */,
				7E7966E11810823500FA85AD /* icon-50@2x.png in Resources */,
				7E7966E51810823500FA85AD /* icon-76@2x.png in Resources */,
				30FC414916E50CA1004E6F35 /* icon-72@2x.png in Resources */,
				448475563CA14F168040572A /* ELCAlbumPickerController.xib in Resources */,
				23F2EF07499A47C7867E14E0 /* ELCAssetPicker.xib in Resources */,
				D31C61D78AAF4F01A7B55575 /* ELCAssetTablePicker.xib in Resources */,
				8122F929331B43A19FEF17F8 /* Overlay.png in Resources */,
				8406B33F3D54423CA0CAB78B /* Overlay@2x.png in Resources */,
			);
			runOnlyForDeploymentPostprocessing = 0;
		};
/* End PBXResourcesBuildPhase section */

/* Begin PBXShellScriptBuildPhase section */
		304B58A110DAC018002A0835 /* Copy www directory */ = {
			isa = PBXShellScriptBuildPhase;
			buildActionMask = 2147483647;
			files = (
			);
			inputPaths = (
			);
			name = "Copy www directory";
			outputPaths = (
			);
			runOnlyForDeploymentPostprocessing = 0;
			shellPath = /bin/sh;
			shellScript = "cordova/lib/copy-www-build-step.sh";
			showEnvVarsInLog = 0;
		};
/* End PBXShellScriptBuildPhase section */

/* Begin PBXSourcesBuildPhase section */
		1D60588E0D05DD3D006BFB54 /* Sources */ = {
			isa = PBXSourcesBuildPhase;
			buildActionMask = 2147483647;
			files = (
				1D60589B0D05DD56006BFB54 /* main.m in Sources */,
				1D3623260D0F684500981E51 /* AppDelegate.m in Sources */,
				302D95F114D2391D003F00A1 /* MainViewController.m in Sources */,
				CBF69D82E11D4998B07FB377 /* AppDelegate+notification.m in Sources */,
				7494423175B744B5901DAE05 /* PushPlugin.m in Sources */,
				06272C4DC595425BA570B0BC /* FacebookConnectPlugin.m in Sources */,
				4AB351491E074D25ABBD7CD1 /* SOSPicker.m in Sources */,
				E7EF4C9CEABF43C1AFBE3944 /* ELCAlbumPickerController.m in Sources */,
				E488E903A76249028556D9C8 /* ELCAsset.m in Sources */,
				03E8009D0B6F4FDC9A682D7D /* ELCAssetCell.m in Sources */,
				5CF701AE9DA2483187F28C1B /* ELCAssetTablePicker.m in Sources */,
				90058413422F40299922020D /* ELCImagePickerController.m in Sources */,
				CBC272563D75498591394FF2 /* CDVDevice.m in Sources */,
				5C60C373654B4B9C9E88DF63 /* APPLocalNotification.m in Sources */,
				2C038B60BCE345D1A0D0EB17 /* CDVInAppBrowser.m in Sources */,
				AAD49B6C8FEE458BBF820C5F /* SocialSharing.m in Sources */,
			);
			runOnlyForDeploymentPostprocessing = 0;
		};
/* End PBXSourcesBuildPhase section */

/* Begin PBXTargetDependency section */
		301BF551109A68C00062928A /* PBXTargetDependency */ = {
			isa = PBXTargetDependency;
			name = CordovaLib;
			targetProxy = 301BF550109A68C00062928A /* PBXContainerItemProxy */;
		};
/* End PBXTargetDependency section */

/* Begin XCBuildConfiguration section */
		1D6058940D05DD3E006BFB54 /* Debug */ = {
			isa = XCBuildConfiguration;
			buildSettings = {
				ALWAYS_SEARCH_USER_PATHS = NO;
				CLANG_ENABLE_OBJC_ARC = YES;
				COPY_PHASE_STRIP = NO;
				GCC_DYNAMIC_NO_PIC = NO;
				GCC_OPTIMIZATION_LEVEL = 0;
				GCC_PRECOMPILE_PREFIX_HEADER = YES;
				GCC_PREFIX_HEADER = "runti/runti-Prefix.pch";
				GCC_THUMB_SUPPORT = NO;
				GCC_VERSION = "";
				INFOPLIST_FILE = "runti/runti-Info.plist";
				IPHONEOS_DEPLOYMENT_TARGET = 6.0;
				OTHER_LDFLAGS = (
					"-weak_framework",
					CoreFoundation,
					"-weak_framework",
					UIKit,
					"-weak_framework",
					AVFoundation,
					"-weak_framework",
					CoreMedia,
					"-weak-lSystem",
					"-ObjC",
				);
				PRODUCT_NAME = "runti";
				TARGETED_DEVICE_FAMILY = "1,2";
				FRAMEWORK_SEARCH_PATHS = (
					"$(inherited)",
					"\"runti/Plugins/com.phonegap.plugins.facebookconnect\"",
				);
			};
			name = Debug;
		};
		1D6058950D05DD3E006BFB54 /* Release */ = {
			isa = XCBuildConfiguration;
			buildSettings = {
				ALWAYS_SEARCH_USER_PATHS = NO;
				CLANG_ENABLE_OBJC_ARC = YES;
				COPY_PHASE_STRIP = YES;
				GCC_PRECOMPILE_PREFIX_HEADER = YES;
				GCC_PREFIX_HEADER = "runti/runti-Prefix.pch";
				GCC_THUMB_SUPPORT = NO;
				GCC_VERSION = "";
				INFOPLIST_FILE = "runti/runti-Info.plist";
				IPHONEOS_DEPLOYMENT_TARGET = 6.0;
				OTHER_LDFLAGS = (
					"-weak_framework",
					CoreFoundation,
					"-weak_framework",
					UIKit,
					"-weak_framework",
					AVFoundation,
					"-weak_framework",
					CoreMedia,
					"-weak-lSystem",
					"-ObjC",
				);
				PRODUCT_NAME = "runti";
				TARGETED_DEVICE_FAMILY = "1,2";
				FRAMEWORK_SEARCH_PATHS = (
					"$(inherited)",
					"\"runti/Plugins/com.phonegap.plugins.facebookconnect\"",
				);
			};
			name = Release;
		};
		C01FCF4F08A954540054247B /* Debug */ = {
			isa = XCBuildConfiguration;
			buildSettings = {
				CLANG_ENABLE_OBJC_ARC = YES;
				CLANG_WARN_BOOL_CONVERSION = YES;
				CLANG_WARN_CONSTANT_CONVERSION = YES;
				CLANG_WARN_EMPTY_BODY = YES;
				CLANG_WARN_ENUM_CONVERSION = YES;
				CLANG_WARN_INT_CONVERSION = YES;
				CLANG_WARN__DUPLICATE_METHOD_MATCH = YES;
				"CODE_SIGN_IDENTITY[sdk=iphoneos*]" = "iPhone Developer";
				GCC_C_LANGUAGE_STANDARD = c99;
				GCC_THUMB_SUPPORT = NO;
				GCC_VERSION = "";
				GCC_WARN_ABOUT_RETURN_TYPE = YES;
				GCC_WARN_UNDECLARED_SELECTOR = YES;
				GCC_WARN_UNINITIALIZED_AUTOS = YES;
				GCC_WARN_UNUSED_FUNCTION = YES;
				GCC_WARN_UNUSED_VARIABLE = YES;
				HEADER_SEARCH_PATHS = (
					"\"$(TARGET_BUILD_DIR)/usr/local/lib/include\"",
					"\"$(OBJROOT)/UninstalledProducts/include\"",
					"\"$(BUILT_PRODUCTS_DIR)\"",
				);
				IPHONEOS_DEPLOYMENT_TARGET = 6.0;
				ONLY_ACTIVE_ARCH = YES;
				OTHER_LDFLAGS = (
					"-weak_framework",
					CoreFoundation,
					"-weak_framework",
					UIKit,
					"-weak_framework",
					AVFoundation,
					"-weak_framework",
					CoreMedia,
					"-weak-lSystem",
					"-ObjC",
				);
				SDKROOT = iphoneos;
				SKIP_INSTALL = NO;
				USER_HEADER_SEARCH_PATHS = "";
			};
			name = Debug;
		};
		C01FCF5008A954540054247B /* Release */ = {
			isa = XCBuildConfiguration;
			buildSettings = {
				CLANG_ENABLE_OBJC_ARC = YES;
				CLANG_WARN_BOOL_CONVERSION = YES;
				CLANG_WARN_CONSTANT_CONVERSION = YES;
				CLANG_WARN_EMPTY_BODY = YES;
				CLANG_WARN_ENUM_CONVERSION = YES;
				CLANG_WARN_INT_CONVERSION = YES;
				CLANG_WARN__DUPLICATE_METHOD_MATCH = YES;
				"CODE_SIGN_IDENTITY[sdk=iphoneos*]" = "iPhone Developer";
				GCC_C_LANGUAGE_STANDARD = c99;
				GCC_THUMB_SUPPORT = NO;
				GCC_VERSION = "";
				GCC_WARN_ABOUT_RETURN_TYPE = YES;
				GCC_WARN_UNDECLARED_SELECTOR = YES;
				GCC_WARN_UNINITIALIZED_AUTOS = YES;
				GCC_WARN_UNUSED_FUNCTION = YES;
				GCC_WARN_UNUSED_VARIABLE = YES;
				HEADER_SEARCH_PATHS = (
					"\"$(TARGET_BUILD_DIR)/usr/local/lib/include\"",
					"\"$(OBJROOT)/UninstalledProducts/include\"",
					"\"$(BUILT_PRODUCTS_DIR)\"",
				);
				IPHONEOS_DEPLOYMENT_TARGET = 6.0;
				OTHER_LDFLAGS = (
					"-weak_framework",
					CoreFoundation,
					"-weak_framework",
					UIKit,
					"-weak_framework",
					AVFoundation,
					"-weak_framework",
					CoreMedia,
					"-weak-lSystem",
					"-ObjC",
				);
				SDKROOT = iphoneos;
				SKIP_INSTALL = NO;
				USER_HEADER_SEARCH_PATHS = "";
			};
			name = Release;
		};
/* End XCBuildConfiguration section */

/* Begin XCConfigurationList section */
		1D6058960D05DD3E006BFB54 /* Build configuration list for PBXNativeTarget "runti" */ = {
			isa = XCConfigurationList;
			buildConfigurations = (
				1D6058940D05DD3E006BFB54 /* Debug */,
				1D6058950D05DD3E006BFB54 /* Release */,
			);
			defaultConfigurationIsVisible = 0;
			defaultConfigurationName = Release;
		};
		C01FCF4E08A954540054247B /* Build configuration list for PBXProject "__CLI__" */ = {
			isa = XCConfigurationList;
			buildConfigurations = (
				C01FCF4F08A954540054247B /* Debug */,
				C01FCF5008A954540054247B /* Release */,
			);
			defaultConfigurationIsVisible = 0;
			defaultConfigurationName = Release;
		};
/* End XCConfigurationList section */
	};
	rootObject = 29B97313FDCFA39411CA2CEA /* Project object */;
}
